
Microsoft Visual Studio Solution File, Format Version 12.00
# Visual Studio Version 17
VisualStudioVersion = 17.0.32417.34
MinimumVisualStudioVersion = 10.0.40219.1
Project("{FAE04EC0-301F-11D3-BF4B-00C04F79EFBC}") = "windwt", "windwt\windwt.csproj", "{4A3A5455-26DB-46C2-AA96-79637275799A}"
EndProject
Global
	GlobalSection(SolutionConfigurationPlatforms) = preSolution
		Debug|Any CPU = Debug|Any CPU
		Release|Any CPU = Release|Any CPU
	EndGlobalSection
	GlobalSection(ProjectConfigurationPlatforms) = postSolution
		{4A3A5455-26DB-46C2-AA96-79637275799A}.Debug|Any CPU.ActiveCfg = Debug|Any CPU
		{4A3A5455-26DB-46C2-AA96-79637275799A}.Debug|Any CPU.Build.0 = Debug|Any CPU
		{4A3A5455-26DB-46C2-AA96-79637275799A}.Release|Any CPU.ActiveCfg = Release|Any CPU
		{4A3A5455-26DB-46C2-AA96-79637275799A}.Release|Any CPU.Build.0 = Release|Any CPU
	EndGlobalSection
	GlobalSection(SolutionProperties) = preSolution
		HideSolutionNode = FALSE
	EndGlobalSection
	GlobalSection(ExtensibilityGlobals) = postSolution
		SolutionGuid = {104994B0-3E02-41FD-A2CA-10C8037B26CB}
	EndGlobalSection
EndGlobal
